<Solution>
  <Folder Name="/src/">
    <Project Path="src/Rag.Api/Rag.Api.csproj" />
    <Project Path="src/Rag.Application/Rag.Application.csproj" />
    <Project Path="src/Rag.Domain/Rag.Domain.csproj" />
    <Project Path="src/Rag.Infrastructure/Rag.Infrastructure.csproj" />
    <Project Path="src/Rag.SemanticKernel/Rag.SemanticKernel.csproj" />
  </Folder>
  <Folder Name="/tests/">
    <Project Path="tests/Rag.Tests/Rag.Tests.csproj" />
  </Folder>
</Solution>
